// !$*UTF8*$!
{
	archiveVersion = 1;
	classes = {
	};
	objectVersion = 46;
	objects = {

/* Begin PBXBuildFile section */
		552545EE1F58312C001438AD /* AppDelegate.swift in Sources */ = {isa = PBXBuildFile; fileRef = 552545ED1F58312C001438AD /* AppDelegate.swift */; };
		552545F01F58312C001438AD /* ViewController.swift in Sources */ = {isa = PBXBuildFile; fileRef = 552545EF1F58312C001438AD /* ViewController.swift */; };
		552545F31F58312C001438AD /* Main.storyboard in Resources */ = {isa = PBXBuildFile; fileRef = 552545F11F58312C001438AD /* Main.storyboard */; };
		552545F51F58312C001438AD /* Assets.xcassets in Resources */ = {isa = PBXBuildFile; fileRef = 552545F41F58312C001438AD /* Assets.xcassets */; };
		552545F81F58312C001438AD /* LaunchScreen.storyboard in Resources */ = {isa = PBXBuildFile; fileRef = 552545F61F58312C001438AD /* LaunchScreen.storyboard */; };
		5525465A1F584246001438AD /* ViewControllerA.swift in Sources */ = {isa = PBXBuildFile; fileRef = 552546591F584246001438AD /* ViewControllerA.swift */; };
		5525465C1F584265001438AD /* ViewControllerB.swift in Sources */ = {isa = PBXBuildFile; fileRef = 5525465B1F584265001438AD /* ViewControllerB.swift */; };
		5525465E1F585036001438AD /* ViewControllerC.swift in Sources */ = {isa = PBXBuildFile; fileRef = 5525465D1F585036001438AD /* ViewControllerC.swift */; };
		552546601F585061001438AD /* ViewControllerD.swift in Sources */ = {isa = PBXBuildFile; fileRef = 5525465F1F585061001438AD /* ViewControllerD.swift */; };
/* End PBXBuildFile section */

/* Begin PBXFileReference section */
		552545EA1F58312C001438AD /* task01.app */ = {isa = PBXFileReference; explicitFileType = wrapper.application; includeInIndex = 0; path = task01.app; sourceTree = BUILT_PRODUCTS_DIR; };
		552545ED1F58312C001438AD /* AppDelegate.swift */ = {isa = PBXFileReference; lastKnownFileType = sourcecode.swift; path = AppDelegate.swift; sourceTree = "<group>"; };
		552545EF1F58312C001438AD /* ViewController.swift */ = {isa = PBXFileReference; lastKnownFileType = sourcecode.swift; path = ViewController.swift; sourceTree = "<group>"; };
		552545F21F58312C001438AD /* Base */ = {isa = PBXFileReference; lastKnownFileType = file.storyboard; name = Base; path = Base.lproj/Main.storyboard; sourceTree = "<group>"; };
		552545F41F58312C001438AD /* Assets.xcassets */ = {isa = PBXFileReference; lastKnownFileType = folder.assetcatalog; path = Assets.xcassets; sourceTree = "<group>"; };
		552545F71F58312C001438AD /* Base */ = {isa = PBXFileReference; lastKnownFileType = file.storyboard; name = Base; path = Base.lproj/LaunchScreen.storyboard; sourceTree = "<group>"; };
		552545F91F58312C001438AD /* Info.plist */ = {isa = PBXFileReference; lastKnownFileType = text.plist.xml; path = Info.plist; sourceTree = "<group>"; };
		552546591F584246001438AD /* ViewControllerA.swift */ = {isa = PBXFileReference; fileEncoding = 4; lastKnownFileType = sourcecode.swift; path = ViewControllerA.swift; sourceTree = "<group>"; };
		5525465B1F584265001438AD /* ViewControllerB.swift */ = {isa = PBXFileReference; fileEncoding = 4; lastKnownFileType = sourcecode.swift; path = ViewControllerB.swift; sourceTree = "<group>"; };
		5525465D1F585036001438AD /* ViewControllerC.swift */ = {isa = PBXFileReference; fileEncoding = 4; lastKnownFileType = sourcecode.swift; path = ViewControllerC.swift; sourceTree = "<group>"; };
		5525465F1F585061001438AD /* ViewControllerD.swift */ = {isa = PBXFileReference; fileEncoding = 4; lastKnownFileType = sourcecode.swift; path = ViewControllerD.swift; sourceTree = "<group>"; };
/* End PBXFileReference section */

/* Begin PBXFrameworksBuildPhase section */
		552545E71F58312C001438AD /* Frameworks */ = {
			isa = PBXFrameworksBuildPhase;
			buildActionMask = 2147483647;
			files = (
			);
			runOnlyForDeploymentPostprocessing = 0;
		};
/* End PBXFrameworksBuildPhase section */

/* Begin PBXGroup section */
		552545E11F58312B001438AD = {
			isa = PBXGroup;
			children = (
				552545EC1F58312C001438AD /* task01 */,
				552545EB1F58312C001438AD /* Products */,
			);
			sourceTree = "<group>";
		};
		552545EB1F58312C001438AD /* Products */ = {
			isa = PBXGroup;
			children = (
				552545EA1F58312C001438AD /* task01.app */,
			);
			name = Products;
			sourceTree = "<group>";
		};
		552545EC1F58312C001438AD /* task01 */ = {
			isa = PBXGroup;
			children = (
				552545ED1F58312C001438AD /* AppDelegate.swift */,
				552545EF1F58312C001438AD /* ViewController.swift */,
				552546591F584246001438AD /* ViewControllerA.swift */,
				5525465B1F584265001438AD /* ViewControllerB.swift */,
				5525465D1F585036001438AD /* ViewControllerC.swift */,
				5525465F1F585061001438AD /* ViewControllerD.swift */,
				552545F11F58312C001438AD /* Main.storyboard */,
				552545F41F58312C001438AD /* Assets.xcassets */,
				552545F61F58312C001438AD /* LaunchScreen.storyboard */,
				552545F91F58312C001438AD /* Info.plist */,
			);
			path = task01;
			sourceTree = "<group>";
		};
/* End PBXGroup section */

/* Begin PBXNativeTarget section */
		552545E91F58312C001438AD /* task01 */ = {
			isa = PBXNativeTarget;
			buildConfigurationList = 552545FC1F58312C001438AD /* Build configuration list for PBXNativeTarget "task01" */;
			buildPhases = (
				552545E61F58312C001438AD /* Sources */,
				552545E71F58312C001438AD /* Frameworks */,
				552545E81F58312C001438AD /* Resources */,
			);
			buildRules = (
			);
			dependencies = (
			);
			name = task01;
			productName = task01;
			productReference = 552545EA1F58312C001438AD /* task01.app */;
			productType = "com.apple.product-type.application";
		};
/* End PBXNativeTarget section */

/* Begin PBXProject section */
		552545E21F58312B001438AD /* Project object */ = {
			isa = PBXProject;
			attributes = {
				LastSwiftUpdateCheck = 0830;
				LastUpgradeCheck = 0830;
				ORGANIZATIONNAME = APKotl;
				TargetAttributes = {
					552545E91F58312C001438AD = {
						CreatedOnToolsVersion = 8.3.3;
						DevelopmentTeam = TQZN9PYRPG;
						ProvisioningStyle = Automatic;
					};
				};
			};
			buildConfigurationList = 552545E51F58312B001438AD /* Build configuration list for PBXProject "task01" */;
			compatibilityVersion = "Xcode 3.2";
			developmentRegion = English;
			hasScannedForEncodings = 0;
			knownRegions = (
				en,
				Base,
			);
			mainGroup = 552545E11F58312B001438AD;
			productRefGroup = 552545EB1F58312C001438AD /* Products */;
			projectDirPath = "";
			projectRoot = "";
			targets = (
				552545E91F58312C001438AD /* task01 */,
			);
		};
/* End PBXProject section */

/* Begin PBXResourcesBuildPhase section */
		552545E81F58312C001438AD /* Resources */ = {
			isa = PBXResourcesBuildPhase;
			buildActionMask = 2147483647;
			files = (
				552545F81F58312C001438AD /* LaunchScreen.storyboard in Resources */,
				552545F51F58312C001438AD /* Assets.xcassets in Resources */,
				552545F31F58312C001438AD /* Main.storyboard in Resources */,
			);
			runOnlyForDeploymentPostprocessing = 0;
		};
/* End PBXResourcesBuildPhase section */

/* Begin PBXSourcesBuildPhase section */
		552545E61F58312C001438AD /* Sources */ = {
			isa = PBXSourcesBuildPhase;
			buildActionMask = 2147483647;
			files = (
				552545F01F58312C001438AD /* ViewController.swift in Sources */,
				5525465C1F584265001438AD /* ViewControllerB.swift in Sources */,
				5525465E1F585036001438AD /* ViewControllerC.swift in Sources */,
				5525465A1F584246001438AD /* ViewControllerA.swift in Sources */,
				552545EE1F58312C001438AD /* AppDelegate.swift in Sources */,
				552546601F585061001438AD /* ViewControllerD.swift in Sources */,
			);
			runOnlyForDeploymentPostprocessing = 0;
		};
/* End PBXSourcesBuildPhase section */

/* Begin PBXVariantGroup section */
		552545F11F58312C001438AD /* Main.storyboard */ = {
			isa = PBXVariantGroup;
			children = (
				552545F21F58312C001438AD /* Base */,
			);
			name = Main.storyboard;
			sourceTree = "<group>";
		};
		552545F61F58312C001438AD /* LaunchScreen.storyboard */ = {
			isa = PBXVariantGroup;
			children = (
				552545F71F58312C001438AD /* Base */,
			);
			name = LaunchScreen.storyboard;
			sourceTree = "<group>";
		};
/* End PBXVariantGroup section */

/* Begin XCBuildConfiguration section */
		552545FA1F58312C001438AD /* Debug */ = {
			isa = XCBuildConfiguration;
			buildSettings = {
				ALWAYS_SEARCH_USER_PATHS = NO;
				CLANG_ANALYZER_NONNULL = YES;
				CLANG_ANALYZER_NUMBER_OBJECT_CONVERSION = YES_AGGRESSIVE;
				CLANG_CXX_LANGUAGE_STANDARD = "gnu++0x";
				CLANG_CXX_LIBRARY = "libc++";
				CLANG_ENABLE_MODULES = YES;
				CLANG_ENABLE_OBJC_ARC = YES;
				CLANG_WARN_BOOL_CONVERSION = YES;
				CLANG_WARN_CONSTANT_CONVERSION = YES;
				CLANG_WARN_DIRECT_OBJC_ISA_USAGE = YES_ERROR;
				CLANG_WARN_DOCUMENTATION_COMMENTS = YES;
				CLANG_WARN_EMPTY_BODY = YES;
				CLANG_WARN_ENUM_CONVERSION = YES;
				CLANG_WARN_INFINITE_RECURSION = YES;
				CLANG_WARN_INT_CONVERSION = YES;
				CLANG_WARN_OBJC_ROOT_CLASS = YES_ERROR;
				CLANG_WARN_SUSPICIOUS_MOVE = YES;
				CLANG_WARN_UNREACHABLE_CODE = YES;
				CLANG_WARN__DUPLICATE_METHOD_MATCH = YES;
				"CODE_SIGN_IDENTITY[sdk=iphoneos*]" = "iPhone Developer";
				COPY_PHASE_STRIP = NO;
				DEBUG_INFORMATION_FORMAT = dwarf;
				ENABLE_STRICT_OBJC_MSGSEND = YES;
				ENABLE_TESTABILITY = YES;
				GCC_C_LANGUAGE_STANDARD = gnu99;
				GCC_DYNAMIC_NO_PIC = NO;
				GCC_NO_COMMON_BLOCKS = YES;
				GCC_OPTIMIZATION_LEVEL = 0;
				GCC_PREPROCESSOR_DEFINITIONS = (
					"DEBUG=1",
					"$(inherited)",
				);
				GCC_WARN_64_TO_32_BIT_CONVERSION = YES;
				GCC_WARN_ABOUT_RETURN_TYPE = YES_ERROR;
				GCC_WARN_UNDECLARED_SELECTOR = YES;
				GCC_WARN_UNINITIALIZED_AUTOS = YES_AGGRESSIVE;
				GCC_WARN_UNUSED_FUNCTION = YES;
				GCC_WARN_UNUSED_VARIABLE = YES;
				IPHONEOS_DEPLOYMENT_TARGET = 8.0;
				MTL_ENABLE_DEBUG_INFO = YES;
				ONLY_ACTIVE_ARCH = YES;
				SDKROOT = iphoneos;
				SWIFT_ACTIVE_COMPILATION_CONDITIONS = DEBUG;
				SWIFT_OPTIMIZATION_LEVEL = "-Onone";
				TARGETED_DEVICE_FAMILY = "1,2";
			};
			name = Debug;
		};
		552545FB1F58312C001438AD /* Release */ = {
			isa = XCBuildConfiguration;
			buildSettings = {
				ALWAYS_SEARCH_USER_PATHS = NO;
				CLANG_ANALYZER_NONNULL = YES;
				CLANG_ANALYZER_NUMBER_OBJECT_CONVERSION = YES_AGGRESSIVE;
				CLANG_CXX_LANGUAGE_STANDARD = "gnu++0x";
				CLANG_CXX_LIBRARY = "libc++";
				CLANG_ENABLE_MODULES = YES;
				CLANG_ENABLE_OBJC_ARC = YES;
				CLANG_WARN_BOOL_CONVERSION = YES;
				CLANG_WARN_CONSTANT_CONVERSION = YES;
				CLANG_WARN_DIRECT_OBJC_ISA_USAGE = YES_ERROR;
				CLANG_WARN_DOCUMENTATION_COMMENTS = YES;
				CLANG_WARN_EMPTY_BODY = YES;
				CLANG_WARN_ENUM_CONVERSION = YES;
				CLANG_WARN_INFINITE_RECURSION = YES;
				CLANG_WARN_INT_CONVERSION = YES;
				CLANG_WARN_OBJC_ROOT_CLASS = YES_ERROR;
				CLANG_WARN_SUSPICIOUS_MOVE = YES;
				CLANG_WARN_UNREACHABLE_CODE = YES;
				CLANG_WARN__DUPLICATE_METHOD_MATCH = YES;
				"CODE_SIGN_IDENTITY[sdk=iphoneos*]" = "iPhone Developer";
				COPY_PHASE_STRIP = NO;
				DEBUG_INFORMATION_FORMAT = "dwarf-with-dsym";
				ENABLE_NS_ASSERTIONS = NO;
				ENABLE_STRICT_OBJC_MSGSEND = YES;
				GCC_C_LANGUAGE_STANDARD = gnu99;
				GCC_NO_COMMON_BLOCKS = YES;
				GCC_WARN_64_TO_32_BIT_CONVERSION = YES;
				GCC_WARN_ABOUT_RETURN_TYPE = YES_ERROR;
				GCC_WARN_UNDECLARED_SELECTOR = YES;
				GCC_WARN_UNINITIALIZED_AUTOS = YES_AGGRESSIVE;
				GCC_WARN_UNUSED_FUNCTION = YES;
				GCC_WARN_UNUSED_VARIABLE = YES;
				IPHONEOS_DEPLOYMENT_TARGET = 8.0;
				MTL_ENABLE_DEBUG_INFO = NO;
				SDKROOT = iphoneos;
				SWIFT_OPTIMIZATION_LEVEL = "-Owholemodule";
				TARGETED_DEVICE_FAMILY = "1,2";
				VALIDATE_PRODUCT = YES;
			};
			name = Release;
		};
		552545FD1F58312C001438AD /* Debug */ = {
			isa = XCBuildConfiguration;
			buildSettings = {
				ASSETCATALOG_COMPILER_APPICON_NAME = AppIcon;
				DEVELOPMENT_TEAM = TQZN9PYRPG;
				INFOPLIST_FILE = task01/Info.plist;
				LD_RUNPATH_SEARCH_PATHS = "$(inherited) @executable_path/Frameworks";
				PRODUCT_BUNDLE_IDENTIFIER = com.apkotl.task01;
				PRODUCT_NAME = "$(TARGET_NAME)";
				SWIFT_VERSION = 3.0;
			};
			name = Debug;
		};
		552545FE1F58312C001438AD /* Release */ = {
			isa = XCBuildConfiguration;
			buildSettings = {
				ASSETCATALOG_COMPILER_APPICON_NAME = AppIcon;
				DEVELOPMENT_TEAM = TQZN9PYRPG;
				INFOPLIST_FILE = task01/Info.plist;
				LD_RUNPATH_SEARCH_PATHS = "$(inherited) @executable_path/Frameworks";
				PRODUCT_BUNDLE_IDENTIFIER = com.apkotl.task01;
				PRODUCT_NAME = "$(TARGET_NAME)";
				SWIFT_VERSION = 3.0;
			};
			name = Release;
		};
/* End XCBuildConfiguration section */

/* Begin XCConfigurationList section */
		552545E51F58312B001438AD /* Build configuration list for PBXProject "task01" */ = {
			isa = XCConfigurationList;
			buildConfigurations = (
				552545FA1F58312C001438AD /* Debug */,
				552545FB1F58312C001438AD /* Release */,
			);
			defaultConfigurationIsVisible = 0;
			defaultConfigurationName = Release;
		};
		552545FC1F58312C001438AD /* Build configuration list for PBXNativeTarget "task01" */ = {
			isa = XCConfigurationList;
			buildConfigurations = (
				552545FD1F58312C001438AD /* Debug */,
				552545FE1F58312C001438AD /* Release */,
			);
			defaultConfigurationIsVisible = 0;
			defaultConfigurationName = Release;
		};
/* End XCConfigurationList section */
	};
	rootObject = 552545E21F58312B001438AD /* Project object */;
}
